
Microsoft Visual Studio Solution File, Format Version 12.00
# Visual Studio 15
Project("{FAE04EC0-301F-11D3-BF4B-00C04F79EFBC}") = "Assembly-CSharp", "Assembly-CSharp.csproj", "{3A166601-DFC1-2467-C4E6-8F615DFB1DAE}"
EndProject
Project("{FAE04EC0-301F-11D3-BF4B-00C04F79EFBC}") = "Assembly-CSharp-Editor", "Assembly-CSharp-Editor.csproj", "{464B3B5D-F88C-068E-5D99-0CA2E8C9EB1D}"
EndProject
Global
	GlobalSection(SolutionConfigurationPlatforms) = preSolution
		Debug|Any CPU = Debug|Any CPU
		Release|Any CPU = Release|Any CPU
	EndGlobalSection
	GlobalSection(ProjectConfigurationPlatforms) = postSolution
		{3A166601-DFC1-2467-C4E6-8F615DFB1DAE}.Debug|Any CPU.ActiveCfg = Debug|Any CPU
		{3A166601-DFC1-2467-C4E6-8F615DFB1DAE}.Debug|Any CPU.Build.0 = Debug|Any CPU
		{3A166601-DFC1-2467-C4E6-8F615DFB1DAE}.Release|Any CPU.ActiveCfg = Release|Any CPU
		{3A166601-DFC1-2467-C4E6-8F615DFB1DAE}.Release|Any CPU.Build.0 = Release|Any CPU
		{464B3B5D-F88C-068E-5D99-0CA2E8C9EB1D}.Debug|Any CPU.ActiveCfg = Debug|Any CPU
		{464B3B5D-F88C-068E-5D99-0CA2E8C9EB1D}.Debug|Any CPU.Build.0 = Debug|Any CPU
		{464B3B5D-F88C-068E-5D99-0CA2E8C9EB1D}.Release|Any CPU.ActiveCfg = Release|Any CPU
		{464B3B5D-F88C-068E-5D99-0CA2E8C9EB1D}.Release|Any CPU.Build.0 = Release|Any CPU
	EndGlobalSection
	GlobalSection(SolutionProperties) = preSolution
		HideSolutionNode = FALSE
	EndGlobalSection
EndGlobal
